// !$*UTF8*$!
{
	archiveVersion = 1;
	classes = {
	};
	objectVersion = 50;
	objects = {

/* Begin PBXBuildFile section */
		661A77EC2353322E0042D280 /* AdHash_iOS.h in Headers */ = {isa = PBXBuildFile; fileRef = 661A77EA2353322E0042D280 /* AdHash_iOS.h */; settings = {ATTRIBUTES = (Public, ); }; };
		661A781B2353326B0042D280 /* AdHashManager.swift in Sources */ = {isa = PBXBuildFile; fileRef = 661A77FE2353326B0042D280 /* AdHashManager.swift */; };
		661A781C2353326B0042D280 /* EventManager.swift in Sources */ = {isa = PBXBuildFile; fileRef = 661A77FF2353326B0042D280 /* EventManager.swift */; };
		661A781D2353326B0042D280 /* FirstStepResponseModel.swift in Sources */ = {isa = PBXBuildFile; fileRef = 661A78012353326B0042D280 /* FirstStepResponseModel.swift */; };
		661A781E2353326B0042D280 /* AdRequestModel.swift in Sources */ = {isa = PBXBuildFile; fileRef = 661A78022353326B0042D280 /* AdRequestModel.swift */; };
		661A781F2353326B0042D280 /* GetAdResponseModel.swift in Sources */ = {isa = PBXBuildFile; fileRef = 661A78032353326B0042D280 /* GetAdResponseModel.swift */; };
		661A78202353326B0042D280 /* CharacterSetExtensions.swift in Sources */ = {isa = PBXBuildFile; fileRef = 661A78052353326B0042D280 /* CharacterSetExtensions.swift */; };
		661A78212353326B0042D280 /* DictionaryExtensions.swift in Sources */ = {isa = PBXBuildFile; fileRef = 661A78062353326B0042D280 /* DictionaryExtensions.swift */; };
		661A78222353326B0042D280 /* StringExtensions.swift in Sources */ = {isa = PBXBuildFile; fileRef = 661A78072353326B0042D280 /* StringExtensions.swift */; };
		661A78232353326B0042D280 /* DeviceExtensions.swift in Sources */ = {isa = PBXBuildFile; fileRef = 661A78082353326B0042D280 /* DeviceExtensions.swift */; };
		661A78242353326B0042D280 /* Reachability.swift in Sources */ = {isa = PBXBuildFile; fileRef = 661A78092353326B0042D280 /* Reachability.swift */; };
		661A78252353326B0042D280 /* UIApplicationExtensions.swift in Sources */ = {isa = PBXBuildFile; fileRef = 661A780A2353326B0042D280 /* UIApplicationExtensions.swift */; };
		661A78262353326B0042D280 /* AdHashView.swift in Sources */ = {isa = PBXBuildFile; fileRef = 661A780C2353326B0042D280 /* AdHashView.swift */; };
		661A78272353326B0042D280 /* AdHashViewDelegate.swift in Sources */ = {isa = PBXBuildFile; fileRef = 661A780E2353326B0042D280 /* AdHashViewDelegate.swift */; };
		661A78282353326B0042D280 /* ConnectionService.swift in Sources */ = {isa = PBXBuildFile; fileRef = 661A78112353326B0042D280 /* ConnectionService.swift */; };
		661A78292353326B0042D280 /* NetworkManager.swift in Sources */ = {isa = PBXBuildFile; fileRef = 661A78142353326B0042D280 /* NetworkManager.swift */; };
		661A782A2353326B0042D280 /* RequestBuilder.swift in Sources */ = {isa = PBXBuildFile; fileRef = 661A78162353326B0042D280 /* RequestBuilder.swift */; };
		661A782B2353326B0042D280 /* HTTPMethod.swift in Sources */ = {isa = PBXBuildFile; fileRef = 661A78172353326B0042D280 /* HTTPMethod.swift */; };
		661A782C2353326B0042D280 /* index.html in Resources */ = {isa = PBXBuildFile; fileRef = 661A78192353326B0042D280 /* index.html */; };
		661A782D2353326B0042D280 /* DecryptionViewController.swift in Sources */ = {isa = PBXBuildFile; fileRef = 661A781A2353326B0042D280 /* DecryptionViewController.swift */; };
		66C597D123534C50007CAF0D /* RecentAdModel.xcdatamodeld in Sources */ = {isa = PBXBuildFile; fileRef = 66C597CF23534C50007CAF0D /* RecentAdModel.xcdatamodeld */; };
		66C597D823534E3C007CAF0D /* RecentAdModel+CoreDataClass.swift in Sources */ = {isa = PBXBuildFile; fileRef = 66C597D623534E3C007CAF0D /* RecentAdModel+CoreDataClass.swift */; };
		66C597D923534E3C007CAF0D /* RecentAdModel+CoreDataProperties.swift in Sources */ = {isa = PBXBuildFile; fileRef = 66C597D723534E3C007CAF0D /* RecentAdModel+CoreDataProperties.swift */; };
		66C597DD23534EF3007CAF0D /* CoreDataService.swift in Sources */ = {isa = PBXBuildFile; fileRef = 66C597DC23534EF3007CAF0D /* CoreDataService.swift */; };
		66C597DF2353512D007CAF0D /* PersistenceService.swift in Sources */ = {isa = PBXBuildFile; fileRef = 66C597DE2353512D007CAF0D /* PersistenceService.swift */; };
/* End PBXBuildFile section */

/* Begin PBXFileReference section */
		661A77E72353322E0042D280 /* AdHash.framework */ = {isa = PBXFileReference; explicitFileType = wrapper.framework; includeInIndex = 0; path = AdHash.framework; sourceTree = BUILT_PRODUCTS_DIR; };
		661A77EA2353322E0042D280 /* AdHash_iOS.h */ = {isa = PBXFileReference; lastKnownFileType = sourcecode.c.h; path = AdHash_iOS.h; sourceTree = "<group>"; };
		661A77EB2353322E0042D280 /* Info.plist */ = {isa = PBXFileReference; lastKnownFileType = text.plist.xml; path = Info.plist; sourceTree = "<group>"; };
		661A77FE2353326B0042D280 /* AdHashManager.swift */ = {isa = PBXFileReference; fileEncoding = 4; lastKnownFileType = sourcecode.swift; path = AdHashManager.swift; sourceTree = "<group>"; };
		661A77FF2353326B0042D280 /* EventManager.swift */ = {isa = PBXFileReference; fileEncoding = 4; lastKnownFileType = sourcecode.swift; path = EventManager.swift; sourceTree = "<group>"; };
		661A78012353326B0042D280 /* FirstStepResponseModel.swift */ = {isa = PBXFileReference; fileEncoding = 4; lastKnownFileType = sourcecode.swift; path = FirstStepResponseModel.swift; sourceTree = "<group>"; };
		661A78022353326B0042D280 /* AdRequestModel.swift */ = {isa = PBXFileReference; fileEncoding = 4; lastKnownFileType = sourcecode.swift; path = AdRequestModel.swift; sourceTree = "<group>"; };
		661A78032353326B0042D280 /* GetAdResponseModel.swift */ = {isa = PBXFileReference; fileEncoding = 4; lastKnownFileType = sourcecode.swift; path = GetAdResponseModel.swift; sourceTree = "<group>"; };
		661A78052353326B0042D280 /* CharacterSetExtensions.swift */ = {isa = PBXFileReference; fileEncoding = 4; lastKnownFileType = sourcecode.swift; path = CharacterSetExtensions.swift; sourceTree = "<group>"; };
		661A78062353326B0042D280 /* DictionaryExtensions.swift */ = {isa = PBXFileReference; fileEncoding = 4; lastKnownFileType = sourcecode.swift; path = DictionaryExtensions.swift; sourceTree = "<group>"; };
		661A78072353326B0042D280 /* StringExtensions.swift */ = {isa = PBXFileReference; fileEncoding = 4; lastKnownFileType = sourcecode.swift; path = StringExtensions.swift; sourceTree = "<group>"; };
		661A78082353326B0042D280 /* DeviceExtensions.swift */ = {isa = PBXFileReference; fileEncoding = 4; lastKnownFileType = sourcecode.swift; path = DeviceExtensions.swift; sourceTree = "<group>"; };
		661A78092353326B0042D280 /* Reachability.swift */ = {isa = PBXFileReference; fileEncoding = 4; lastKnownFileType = sourcecode.swift; path = Reachability.swift; sourceTree = "<group>"; };
		661A780A2353326B0042D280 /* UIApplicationExtensions.swift */ = {isa = PBXFileReference; fileEncoding = 4; lastKnownFileType = sourcecode.swift; path = UIApplicationExtensions.swift; sourceTree = "<group>"; };
		661A780C2353326B0042D280 /* AdHashView.swift */ = {isa = PBXFileReference; fileEncoding = 4; lastKnownFileType = sourcecode.swift; path = AdHashView.swift; sourceTree = "<group>"; };
		661A780E2353326B0042D280 /* AdHashViewDelegate.swift */ = {isa = PBXFileReference; fileEncoding = 4; lastKnownFileType = sourcecode.swift; path = AdHashViewDelegate.swift; sourceTree = "<group>"; };
		661A78112353326B0042D280 /* ConnectionService.swift */ = {isa = PBXFileReference; fileEncoding = 4; lastKnownFileType = sourcecode.swift; path = ConnectionService.swift; sourceTree = "<group>"; };
		661A78142353326B0042D280 /* NetworkManager.swift */ = {isa = PBXFileReference; fileEncoding = 4; lastKnownFileType = sourcecode.swift; path = NetworkManager.swift; sourceTree = "<group>"; };
		661A78162353326B0042D280 /* RequestBuilder.swift */ = {isa = PBXFileReference; fileEncoding = 4; lastKnownFileType = sourcecode.swift; path = RequestBuilder.swift; sourceTree = "<group>"; };
		661A78172353326B0042D280 /* HTTPMethod.swift */ = {isa = PBXFileReference; fileEncoding = 4; lastKnownFileType = sourcecode.swift; path = HTTPMethod.swift; sourceTree = "<group>"; };
		661A78192353326B0042D280 /* index.html */ = {isa = PBXFileReference; fileEncoding = 4; lastKnownFileType = text.html; path = index.html; sourceTree = "<group>"; };
		661A781A2353326B0042D280 /* DecryptionViewController.swift */ = {isa = PBXFileReference; fileEncoding = 4; lastKnownFileType = sourcecode.swift; path = DecryptionViewController.swift; sourceTree = "<group>"; };
		66C597D023534C50007CAF0D /* RecentAdModel.xcdatamodel */ = {isa = PBXFileReference; lastKnownFileType = wrapper.xcdatamodel; path = RecentAdModel.xcdatamodel; sourceTree = "<group>"; };
		66C597D623534E3C007CAF0D /* RecentAdModel+CoreDataClass.swift */ = {isa = PBXFileReference; lastKnownFileType = sourcecode.swift; path = "RecentAdModel+CoreDataClass.swift"; sourceTree = "<group>"; };
		66C597D723534E3C007CAF0D /* RecentAdModel+CoreDataProperties.swift */ = {isa = PBXFileReference; lastKnownFileType = sourcecode.swift; path = "RecentAdModel+CoreDataProperties.swift"; sourceTree = "<group>"; };
		66C597DC23534EF3007CAF0D /* CoreDataService.swift */ = {isa = PBXFileReference; lastKnownFileType = sourcecode.swift; path = CoreDataService.swift; sourceTree = "<group>"; };
		66C597DE2353512D007CAF0D /* PersistenceService.swift */ = {isa = PBXFileReference; fileEncoding = 4; lastKnownFileType = sourcecode.swift; path = PersistenceService.swift; sourceTree = "<group>"; };
/* End PBXFileReference section */

/* Begin PBXFrameworksBuildPhase section */
		661A77E42353322E0042D280 /* Frameworks */ = {
			isa = PBXFrameworksBuildPhase;
			buildActionMask = 2147483647;
			files = (
			);
			runOnlyForDeploymentPostprocessing = 0;
		};
/* End PBXFrameworksBuildPhase section */

/* Begin PBXGroup section */
		661A77DD2353322E0042D280 = {
			isa = PBXGroup;
			children = (
				661A77E92353322E0042D280 /* AdHash-iOS */,
				661A77E82353322E0042D280 /* Products */,
			);
			sourceTree = "<group>";
		};
		661A77E82353322E0042D280 /* Products */ = {
			isa = PBXGroup;
			children = (
				661A77E72353322E0042D280 /* AdHash.framework */,
			);
			name = Products;
			sourceTree = "<group>";
		};
		661A77E92353322E0042D280 /* AdHash-iOS */ = {
			isa = PBXGroup;
			children = (
				66C597CE23534C2C007CAF0D /* CoreData */,
				661A77FD2353326B0042D280 /* Configuration */,
				661A78002353326B0042D280 /* Models */,
				661A78042353326B0042D280 /* Extensions */,
				661A780B2353326B0042D280 /* Views */,
				661A780F2353326B0042D280 /* Services */,
				661A77EA2353322E0042D280 /* AdHash_iOS.h */,
				661A77EB2353322E0042D280 /* Info.plist */,
			);
			path = "AdHash-iOS";
			sourceTree = "<group>";
		};
		661A77FD2353326B0042D280 /* Configuration */ = {
			isa = PBXGroup;
			children = (
				661A77FE2353326B0042D280 /* AdHashManager.swift */,
				661A77FF2353326B0042D280 /* EventManager.swift */,
			);
			path = Configuration;
			sourceTree = "<group>";
		};
		661A78002353326B0042D280 /* Models */ = {
			isa = PBXGroup;
			children = (
				661A78012353326B0042D280 /* FirstStepResponseModel.swift */,
				661A78022353326B0042D280 /* AdRequestModel.swift */,
				661A78032353326B0042D280 /* GetAdResponseModel.swift */,
			);
			path = Models;
			sourceTree = "<group>";
		};
		661A78042353326B0042D280 /* Extensions */ = {
			isa = PBXGroup;
			children = (
				661A78052353326B0042D280 /* CharacterSetExtensions.swift */,
				661A78062353326B0042D280 /* DictionaryExtensions.swift */,
				661A78072353326B0042D280 /* StringExtensions.swift */,
				661A78082353326B0042D280 /* DeviceExtensions.swift */,
				661A78092353326B0042D280 /* Reachability.swift */,
				661A780A2353326B0042D280 /* UIApplicationExtensions.swift */,
			);
			path = Extensions;
			sourceTree = "<group>";
		};
		661A780B2353326B0042D280 /* Views */ = {
			isa = PBXGroup;
			children = (
				661A780C2353326B0042D280 /* AdHashView.swift */,
				661A780D2353326B0042D280 /* Delegates */,
			);
			path = Views;
			sourceTree = "<group>";
		};
		661A780D2353326B0042D280 /* Delegates */ = {
			isa = PBXGroup;
			children = (
				661A780E2353326B0042D280 /* AdHashViewDelegate.swift */,
			);
			path = Delegates;
			sourceTree = "<group>";
		};
		661A780F2353326B0042D280 /* Services */ = {
			isa = PBXGroup;
			children = (
				661A78102353326B0042D280 /* Connection */,
				661A78122353326B0042D280 /* Networking */,
				661A78182353326B0042D280 /* Decryption */,
			);
			path = Services;
			sourceTree = "<group>";
		};
		661A78102353326B0042D280 /* Connection */ = {
			isa = PBXGroup;
			children = (
				661A78112353326B0042D280 /* ConnectionService.swift */,
			);
			path = Connection;
			sourceTree = "<group>";
		};
		661A78122353326B0042D280 /* Networking */ = {
			isa = PBXGroup;
			children = (
				661A78132353326B0042D280 /* Manager */,
				661A78152353326B0042D280 /* RequestBuilder */,
			);
			path = Networking;
			sourceTree = "<group>";
		};
		661A78132353326B0042D280 /* Manager */ = {
			isa = PBXGroup;
			children = (
				661A78142353326B0042D280 /* NetworkManager.swift */,
			);
			path = Manager;
			sourceTree = "<group>";
		};
		661A78152353326B0042D280 /* RequestBuilder */ = {
			isa = PBXGroup;
			children = (
				661A78162353326B0042D280 /* RequestBuilder.swift */,
				661A78172353326B0042D280 /* HTTPMethod.swift */,
			);
			path = RequestBuilder;
			sourceTree = "<group>";
		};
		661A78182353326B0042D280 /* Decryption */ = {
			isa = PBXGroup;
			children = (
				661A78192353326B0042D280 /* index.html */,
				661A781A2353326B0042D280 /* DecryptionViewController.swift */,
			);
			path = Decryption;
			sourceTree = "<group>";
		};
		66C597CE23534C2C007CAF0D /* CoreData */ = {
			isa = PBXGroup;
			children = (
				66C597DB23534EE5007CAF0D /* Services */,
				66C597DA23534EDC007CAF0D /* Resources */,
			);
			path = CoreData;
			sourceTree = "<group>";
		};
		66C597DA23534EDC007CAF0D /* Resources */ = {
			isa = PBXGroup;
			children = (
				66C597D623534E3C007CAF0D /* RecentAdModel+CoreDataClass.swift */,
				66C597D723534E3C007CAF0D /* RecentAdModel+CoreDataProperties.swift */,
				66C597CF23534C50007CAF0D /* RecentAdModel.xcdatamodeld */,
			);
			path = Resources;
			sourceTree = "<group>";
		};
		66C597DB23534EE5007CAF0D /* Services */ = {
			isa = PBXGroup;
			children = (
				66C597DE2353512D007CAF0D /* PersistenceService.swift */,
				66C597DC23534EF3007CAF0D /* CoreDataService.swift */,
			);
			path = Services;
			sourceTree = "<group>";
		};
/* End PBXGroup section */

/* Begin PBXHeadersBuildPhase section */
		661A77E22353322E0042D280 /* Headers */ = {
			isa = PBXHeadersBuildPhase;
			buildActionMask = 2147483647;
			files = (
				661A77EC2353322E0042D280 /* AdHash_iOS.h in Headers */,
			);
			runOnlyForDeploymentPostprocessing = 0;
		};
/* End PBXHeadersBuildPhase section */

/* Begin PBXNativeTarget section */
		661A77E62353322E0042D280 /* AdHash-iOS */ = {
			isa = PBXNativeTarget;
			buildConfigurationList = 661A77EF2353322E0042D280 /* Build configuration list for PBXNativeTarget "AdHash-iOS" */;
			buildPhases = (
				661A77E22353322E0042D280 /* Headers */,
				661A77E32353322E0042D280 /* Sources */,
				661A77E42353322E0042D280 /* Frameworks */,
				661A77E52353322E0042D280 /* Resources */,
			);
			buildRules = (
			);
			dependencies = (
			);
			name = "AdHash-iOS";
			productName = "AdHash-iOS";
			productReference = 661A77E72353322E0042D280 /* AdHash.framework */;
			productType = "com.apple.product-type.framework";
		};
/* End PBXNativeTarget section */

/* Begin PBXProject section */
		661A77DE2353322E0042D280 /* Project object */ = {
			isa = PBXProject;
			attributes = {
				LastUpgradeCheck = 1100;
				ORGANIZATIONNAME = "Dima Senchik";
				TargetAttributes = {
					661A77E62353322E0042D280 = {
						CreatedOnToolsVersion = 11.0;
					};
				};
			};
			buildConfigurationList = 661A77E12353322E0042D280 /* Build configuration list for PBXProject "AdHash-iOS" */;
			compatibilityVersion = "Xcode 9.3";
			developmentRegion = en;
			hasScannedForEncodings = 0;
			knownRegions = (
				en,
				Base,
			);
			mainGroup = 661A77DD2353322E0042D280;
			productRefGroup = 661A77E82353322E0042D280 /* Products */;
			projectDirPath = "";
			projectRoot = "";
			targets = (
				661A77E62353322E0042D280 /* AdHash-iOS */,
			);
		};
/* End PBXProject section */

/* Begin PBXResourcesBuildPhase section */
		661A77E52353322E0042D280 /* Resources */ = {
			isa = PBXResourcesBuildPhase;
			buildActionMask = 2147483647;
			files = (
				661A782C2353326B0042D280 /* index.html in Resources */,
			);
			runOnlyForDeploymentPostprocessing = 0;
		};
/* End PBXResourcesBuildPhase section */

/* Begin PBXSourcesBuildPhase section */
		661A77E32353322E0042D280 /* Sources */ = {
			isa = PBXSourcesBuildPhase;
			buildActionMask = 2147483647;
			files = (
				661A78272353326B0042D280 /* AdHashViewDelegate.swift in Sources */,
				661A78232353326B0042D280 /* DeviceExtensions.swift in Sources */,
				661A78222353326B0042D280 /* StringExtensions.swift in Sources */,
				661A781C2353326B0042D280 /* EventManager.swift in Sources */,
				661A78212353326B0042D280 /* DictionaryExtensions.swift in Sources */,
				66C597D823534E3C007CAF0D /* RecentAdModel+CoreDataClass.swift in Sources */,
				661A78252353326B0042D280 /* UIApplicationExtensions.swift in Sources */,
				66C597D923534E3C007CAF0D /* RecentAdModel+CoreDataProperties.swift in Sources */,
				66C597DD23534EF3007CAF0D /* CoreDataService.swift in Sources */,
				661A781F2353326B0042D280 /* GetAdResponseModel.swift in Sources */,
				661A78282353326B0042D280 /* ConnectionService.swift in Sources */,
				661A78202353326B0042D280 /* CharacterSetExtensions.swift in Sources */,
				661A78262353326B0042D280 /* AdHashView.swift in Sources */,
				661A781D2353326B0042D280 /* FirstStepResponseModel.swift in Sources */,
				661A781E2353326B0042D280 /* AdRequestModel.swift in Sources */,
				661A782B2353326B0042D280 /* HTTPMethod.swift in Sources */,
				661A78292353326B0042D280 /* NetworkManager.swift in Sources */,
				661A78242353326B0042D280 /* Reachability.swift in Sources */,
				661A782D2353326B0042D280 /* DecryptionViewController.swift in Sources */,
				66C597D123534C50007CAF0D /* RecentAdModel.xcdatamodeld in Sources */,
				661A781B2353326B0042D280 /* AdHashManager.swift in Sources */,
				66C597DF2353512D007CAF0D /* PersistenceService.swift in Sources */,
				661A782A2353326B0042D280 /* RequestBuilder.swift in Sources */,
			);
			runOnlyForDeploymentPostprocessing = 0;
		};
/* End PBXSourcesBuildPhase section */

/* Begin XCBuildConfiguration section */
		661A77ED2353322E0042D280 /* Debug */ = {
			isa = XCBuildConfiguration;
			buildSettings = {
				ALWAYS_SEARCH_USER_PATHS = NO;
				CLANG_ANALYZER_NONNULL = YES;
				CLANG_ANALYZER_NUMBER_OBJECT_CONVERSION = YES_AGGRESSIVE;
				CLANG_CXX_LANGUAGE_STANDARD = "gnu++14";
				CLANG_CXX_LIBRARY = "libc++";
				CLANG_ENABLE_MODULES = YES;
				CLANG_ENABLE_OBJC_ARC = YES;
				CLANG_ENABLE_OBJC_WEAK = YES;
				CLANG_WARN_BLOCK_CAPTURE_AUTORELEASING = YES;
				CLANG_WARN_BOOL_CONVERSION = YES;
				CLANG_WARN_COMMA = YES;
				CLANG_WARN_CONSTANT_CONVERSION = YES;
				CLANG_WARN_DEPRECATED_OBJC_IMPLEMENTATIONS = YES;
				CLANG_WARN_DIRECT_OBJC_ISA_USAGE = YES_ERROR;
				CLANG_WARN_DOCUMENTATION_COMMENTS = YES;
				CLANG_WARN_EMPTY_BODY = YES;
				CLANG_WARN_ENUM_CONVERSION = YES;
				CLANG_WARN_INFINITE_RECURSION = YES;
				CLANG_WARN_INT_CONVERSION = YES;
				CLANG_WARN_NON_LITERAL_NULL_CONVERSION = YES;
				CLANG_WARN_OBJC_IMPLICIT_RETAIN_SELF = YES;
				CLANG_WARN_OBJC_LITERAL_CONVERSION = YES;
				CLANG_WARN_OBJC_ROOT_CLASS = YES_ERROR;
				CLANG_WARN_RANGE_LOOP_ANALYSIS = YES;
				CLANG_WARN_STRICT_PROTOTYPES = YES;
				CLANG_WARN_SUSPICIOUS_MOVE = YES;
				CLANG_WARN_UNGUARDED_AVAILABILITY = YES_AGGRESSIVE;
				CLANG_WARN_UNREACHABLE_CODE = YES;
				CLANG_WARN__DUPLICATE_METHOD_MATCH = YES;
				COPY_PHASE_STRIP = NO;
				CURRENT_PROJECT_VERSION = 1;
				DEBUG_INFORMATION_FORMAT = dwarf;
				ENABLE_STRICT_OBJC_MSGSEND = YES;
				ENABLE_TESTABILITY = YES;
				GCC_C_LANGUAGE_STANDARD = gnu11;
				GCC_DYNAMIC_NO_PIC = NO;
				GCC_NO_COMMON_BLOCKS = YES;
				GCC_OPTIMIZATION_LEVEL = 0;
				GCC_PREPROCESSOR_DEFINITIONS = (
					"DEBUG=1",
					"$(inherited)",
				);
				GCC_WARN_64_TO_32_BIT_CONVERSION = YES;
				GCC_WARN_ABOUT_RETURN_TYPE = YES_ERROR;
				GCC_WARN_UNDECLARED_SELECTOR = YES;
				GCC_WARN_UNINITIALIZED_AUTOS = YES_AGGRESSIVE;
				GCC_WARN_UNUSED_FUNCTION = YES;
				GCC_WARN_UNUSED_VARIABLE = YES;
				IPHONEOS_DEPLOYMENT_TARGET = 13.0;
				MTL_ENABLE_DEBUG_INFO = INCLUDE_SOURCE;
				MTL_FAST_MATH = YES;
				ONLY_ACTIVE_ARCH = YES;
				SDKROOT = iphoneos;
				SWIFT_ACTIVE_COMPILATION_CONDITIONS = DEBUG;
				SWIFT_OPTIMIZATION_LEVEL = "-Onone";
				VERSIONING_SYSTEM = "apple-generic";
				VERSION_INFO_PREFIX = "";
			};
			name = Debug;
		};
		661A77EE2353322E0042D280 /* Release */ = {
			isa = XCBuildConfiguration;
			buildSettings = {
				ALWAYS_SEARCH_USER_PATHS = NO;
				CLANG_ANALYZER_NONNULL = YES;
				CLANG_ANALYZER_NUMBER_OBJECT_CONVERSION = YES_AGGRESSIVE;
				CLANG_CXX_LANGUAGE_STANDARD = "gnu++14";
				CLANG_CXX_LIBRARY = "libc++";
				CLANG_ENABLE_MODULES = YES;
				CLANG_ENABLE_OBJC_ARC = YES;
				CLANG_ENABLE_OBJC_WEAK = YES;
				CLANG_WARN_BLOCK_CAPTURE_AUTORELEASING = YES;
				CLANG_WARN_BOOL_CONVERSION = YES;
				CLANG_WARN_COMMA = YES;
				CLANG_WARN_CONSTANT_CONVERSION = YES;
				CLANG_WARN_DEPRECATED_OBJC_IMPLEMENTATIONS = YES;
				CLANG_WARN_DIRECT_OBJC_ISA_USAGE = YES_ERROR;
				CLANG_WARN_DOCUMENTATION_COMMENTS = YES;
				CLANG_WARN_EMPTY_BODY = YES;
				CLANG_WARN_ENUM_CONVERSION = YES;
				CLANG_WARN_INFINITE_RECURSION = YES;
				CLANG_WARN_INT_CONVERSION = YES;
				CLANG_WARN_NON_LITERAL_NULL_CONVERSION = YES;
				CLANG_WARN_OBJC_IMPLICIT_RETAIN_SELF = YES;
				CLANG_WARN_OBJC_LITERAL_CONVERSION = YES;
				CLANG_WARN_OBJC_ROOT_CLASS = YES_ERROR;
				CLANG_WARN_RANGE_LOOP_ANALYSIS = YES;
				CLANG_WARN_STRICT_PROTOTYPES = YES;
				CLANG_WARN_SUSPICIOUS_MOVE = YES;
				CLANG_WARN_UNGUARDED_AVAILABILITY = YES_AGGRESSIVE;
				CLANG_WARN_UNREACHABLE_CODE = YES;
				CLANG_WARN__DUPLICATE_METHOD_MATCH = YES;
				COPY_PHASE_STRIP = NO;
				CURRENT_PROJECT_VERSION = 1;
				DEBUG_INFORMATION_FORMAT = "dwarf-with-dsym";
				ENABLE_NS_ASSERTIONS = NO;
				ENABLE_STRICT_OBJC_MSGSEND = YES;
				GCC_C_LANGUAGE_STANDARD = gnu11;
				GCC_NO_COMMON_BLOCKS = YES;
				GCC_WARN_64_TO_32_BIT_CONVERSION = YES;
				GCC_WARN_ABOUT_RETURN_TYPE = YES_ERROR;
				GCC_WARN_UNDECLARED_SELECTOR = YES;
				GCC_WARN_UNINITIALIZED_AUTOS = YES_AGGRESSIVE;
				GCC_WARN_UNUSED_FUNCTION = YES;
				GCC_WARN_UNUSED_VARIABLE = YES;
				IPHONEOS_DEPLOYMENT_TARGET = 13.0;
				MTL_ENABLE_DEBUG_INFO = NO;
				MTL_FAST_MATH = YES;
				SDKROOT = iphoneos;
				SWIFT_COMPILATION_MODE = wholemodule;
				SWIFT_OPTIMIZATION_LEVEL = "-O";
				VALIDATE_PRODUCT = YES;
				VERSIONING_SYSTEM = "apple-generic";
				VERSION_INFO_PREFIX = "";
			};
			name = Release;
		};
		661A77F02353322E0042D280 /* Debug */ = {
			isa = XCBuildConfiguration;
			buildSettings = {
				CODE_SIGN_STYLE = Automatic;
				DEFINES_MODULE = YES;
				DEVELOPMENT_TEAM = RZHJG434LF;
				DYLIB_COMPATIBILITY_VERSION = 1;
				DYLIB_CURRENT_VERSION = 1;
				DYLIB_INSTALL_NAME_BASE = "@rpath";
				INFOPLIST_FILE = "AdHash-iOS/Info.plist";
				INSTALL_PATH = "$(LOCAL_LIBRARY_DIR)/Frameworks";
				IPHONEOS_DEPLOYMENT_TARGET = 12.0;
				LD_RUNPATH_SEARCH_PATHS = (
					"$(inherited)",
					"@executable_path/Frameworks",
					"@loader_path/Frameworks",
				);
				PRODUCT_BUNDLE_IDENTIFIER = "ds.AdHash-iOS";
				PRODUCT_NAME = AdHash;
				SKIP_INSTALL = YES;
				SWIFT_VERSION = 5.0;
				TARGETED_DEVICE_FAMILY = "1,2";
			};
			name = Debug;
		};
		661A77F12353322E0042D280 /* Release */ = {
			isa = XCBuildConfiguration;
			buildSettings = {
				CODE_SIGN_STYLE = Automatic;
				DEFINES_MODULE = YES;
				DEVELOPMENT_TEAM = RZHJG434LF;
				DYLIB_COMPATIBILITY_VERSION = 1;
				DYLIB_CURRENT_VERSION = 1;
				DYLIB_INSTALL_NAME_BASE = "@rpath";
				INFOPLIST_FILE = "AdHash-iOS/Info.plist";
				INSTALL_PATH = "$(LOCAL_LIBRARY_DIR)/Frameworks";
				IPHONEOS_DEPLOYMENT_TARGET = 12.0;
				LD_RUNPATH_SEARCH_PATHS = (
					"$(inherited)",
					"@executable_path/Frameworks",
					"@loader_path/Frameworks",
				);
				PRODUCT_BUNDLE_IDENTIFIER = "ds.AdHash-iOS";
				PRODUCT_NAME = AdHash;
				SKIP_INSTALL = YES;
				SWIFT_VERSION = 5.0;
				TARGETED_DEVICE_FAMILY = "1,2";
			};
			name = Release;
		};
/* End XCBuildConfiguration section */

/* Begin XCConfigurationList section */
		661A77E12353322E0042D280 /* Build configuration list for PBXProject "AdHash-iOS" */ = {
			isa = XCConfigurationList;
			buildConfigurations = (
				661A77ED2353322E0042D280 /* Debug */,
				661A77EE2353322E0042D280 /* Release */,
			);
			defaultConfigurationIsVisible = 0;
			defaultConfigurationName = Release;
		};
		661A77EF2353322E0042D280 /* Build configuration list for PBXNativeTarget "AdHash-iOS" */ = {
			isa = XCConfigurationList;
			buildConfigurations = (
				661A77F02353322E0042D280 /* Debug */,
				661A77F12353322E0042D280 /* Release */,
			);
			defaultConfigurationIsVisible = 0;
			defaultConfigurationName = Release;
		};
/* End XCConfigurationList section */

/* Begin XCVersionGroup section */
		66C597CF23534C50007CAF0D /* RecentAdModel.xcdatamodeld */ = {
			isa = XCVersionGroup;
			children = (
				66C597D023534C50007CAF0D /* RecentAdModel.xcdatamodel */,
			);
			currentVersion = 66C597D023534C50007CAF0D /* RecentAdModel.xcdatamodel */;
			path = RecentAdModel.xcdatamodeld;
			sourceTree = "<group>";
			versionGroupType = wrapper.xcdatamodel;
		};
/* End XCVersionGroup section */
	};
	rootObject = 661A77DE2353322E0042D280 /* Project object */;
}
